
Microsoft Visual Studio Solution File, Format Version 12.00
# Visual Studio Version 16
VisualStudioVersion = 16.0.28922.388
MinimumVisualStudioVersion = 10.0.40219.1
Project("{FAE04EC0-301F-11D3-BF4B-00C04F79EFBC}") = "proofCirculo", "proofCirculo\proofCirculo.csproj", "{D61C9435-92AE-4B38-8716-A295A90FCCCD}"
EndProject
Global
	GlobalSection(SolutionConfigurationPlatforms) = preSolution
		Debug|Any CPU = Debug|Any CPU
		Release|Any CPU = Release|Any CPU
	EndGlobalSection
	GlobalSection(ProjectConfigurationPlatforms) = postSolution
		{D61C9435-92AE-4B38-8716-A295A90FCCCD}.Debug|Any CPU.ActiveCfg = Debug|Any CPU
		{D61C9435-92AE-4B38-8716-A295A90FCCCD}.Debug|Any CPU.Build.0 = Debug|Any CPU
		{D61C9435-92AE-4B38-8716-A295A90FCCCD}.Release|Any CPU.ActiveCfg = Release|Any CPU
		{D61C9435-92AE-4B38-8716-A295A90FCCCD}.Release|Any CPU.Build.0 = Release|Any CPU
	EndGlobalSection
	GlobalSection(SolutionProperties) = preSolution
		HideSolutionNode = FALSE
	EndGlobalSection
	GlobalSection(ExtensibilityGlobals) = postSolution
		SolutionGuid = {A3586677-A8B6-4F9A-AAED-F515284A0664}
	EndGlobalSection
EndGlobal
